// !$*UTF8*$!
{
	archiveVersion = 1;
	classes = {
	};
	objectVersion = 46;
	objects = {

/* Begin PBXBuildFile section */
		13A4E196EF292EE7610C1814 /* Pods_SygicMapsKit_Example.framework in Frameworks */ = {isa = PBXBuildFile; fileRef = FE61E007A142F5B070913F5E /* Pods_SygicMapsKit_Example.framework */; };
		1E80D6389CCFFEB76F5A5682 /* Pods_SygicMapsKit_Tests.framework in Frameworks */ = {isa = PBXBuildFile; fileRef = 7430BD6A2D3B575C22638770 /* Pods_SygicMapsKit_Tests.framework */; };
		5839700E21F0B8D9003CADA6 /* SYMKMapSelectionManagerTests.swift in Sources */ = {isa = PBXBuildFile; fileRef = 5839700D21F0B8D9003CADA6 /* SYMKMapSelectionManagerTests.swift */; };
		589CB07921EE06F60082F7C4 /* BrowseExamplesTableViewController.swift in Sources */ = {isa = PBXBuildFile; fileRef = 589CB07821EE06F60082F7C4 /* BrowseExamplesTableViewController.swift */; };
		589CB07C21EE16890082F7C4 /* Skins.swift in Sources */ = {isa = PBXBuildFile; fileRef = 589CB07B21EE16890082F7C4 /* Skins.swift */; };
		589CB08021EF97630082F7C4 /* ZZZTest.swift in Sources */ = {isa = PBXBuildFile; fileRef = 589CB07D21EF96F30082F7C4 /* ZZZTest.swift */; };
		589CB08421F076170082F7C4 /* SYMKSDKInitializationTests.swift in Sources */ = {isa = PBXBuildFile; fileRef = 589CB08121F075BB0082F7C4 /* SYMKSDKInitializationTests.swift */; };
		58D3D33821E7A65500E11D1D /* Markers.swift in Sources */ = {isa = PBXBuildFile; fileRef = 58D3D33721E7A65500E11D1D /* Markers.swift */; };
		5C3B212721FA05D300F21AD4 /* CustomAnnotation.swift in Sources */ = {isa = PBXBuildFile; fileRef = 5C3B212421FA05D200F21AD4 /* CustomAnnotation.swift */; };
		5C3B212921FA05D300F21AD4 /* DataAnnotation.swift in Sources */ = {isa = PBXBuildFile; fileRef = 5C3B212521FA05D200F21AD4 /* DataAnnotation.swift */; };
		5C3B212B21FA05D300F21AD4 /* TapHandling.swift in Sources */ = {isa = PBXBuildFile; fileRef = 5C3B212621FA05D300F21AD4 /* TapHandling.swift */; };
		5C9B8262221AE199002B9DA6 /* ModuleExampleTableViewCell.swift in Sources */ = {isa = PBXBuildFile; fileRef = 5C9B8260221AE199002B9DA6 /* ModuleExampleTableViewCell.swift */; };
		5C9B8263221AE199002B9DA6 /* ModuleExampleTableViewCell.xib in Resources */ = {isa = PBXBuildFile; fileRef = 5C9B8261221AE199002B9DA6 /* ModuleExampleTableViewCell.xib */; };
		5C9B8265221C1E12002B9DA6 /* SelectionModes.swift in Sources */ = {isa = PBXBuildFile; fileRef = 5C9B8264221C1E12002B9DA6 /* SelectionModes.swift */; };
		5CDC272321E38791006B2F9B /* BrowseModuleExampleViewController.swift in Sources */ = {isa = PBXBuildFile; fileRef = 5CDC272221E38791006B2F9B /* BrowseModuleExampleViewController.swift */; };
		607FACD61AFB9204008FA782 /* AppDelegate.swift in Sources */ = {isa = PBXBuildFile; fileRef = 607FACD51AFB9204008FA782 /* AppDelegate.swift */; };
		607FACD81AFB9204008FA782 /* RootTableViewController.swift in Sources */ = {isa = PBXBuildFile; fileRef = 607FACD71AFB9204008FA782 /* RootTableViewController.swift */; };
		607FACDB1AFB9204008FA782 /* Main.storyboard in Resources */ = {isa = PBXBuildFile; fileRef = 607FACD91AFB9204008FA782 /* Main.storyboard */; };
		607FACDD1AFB9204008FA782 /* Images.xcassets in Resources */ = {isa = PBXBuildFile; fileRef = 607FACDC1AFB9204008FA782 /* Images.xcassets */; };
		607FACE01AFB9204008FA782 /* LaunchScreen.xib in Resources */ = {isa = PBXBuildFile; fileRef = 607FACDE1AFB9204008FA782 /* LaunchScreen.xib */; };
/* End PBXBuildFile section */

/* Begin PBXContainerItemProxy section */
		607FACE61AFB9204008FA782 /* PBXContainerItemProxy */ = {
			isa = PBXContainerItemProxy;
			containerPortal = 607FACC81AFB9204008FA782 /* Project object */;
			proxyType = 1;
			remoteGlobalIDString = 607FACCF1AFB9204008FA782;
			remoteInfo = SygicMapsKit;
		};
/* End PBXContainerItemProxy section */

/* Begin PBXFileReference section */
		2929742DBDAE486790BF1833 /* SygicMapsKit.podspec */ = {isa = PBXFileReference; includeInIndex = 1; lastKnownFileType = text; name = SygicMapsKit.podspec; path = ../SygicMapsKit.podspec; sourceTree = "<group>"; xcLanguageSpecificationIdentifier = xcode.lang.ruby; };
		4011C16C1F93D5BA196B8B0B /* Pods-SygicMapsKit_Tests.release.xcconfig */ = {isa = PBXFileReference; includeInIndex = 1; lastKnownFileType = text.xcconfig; name = "Pods-SygicMapsKit_Tests.release.xcconfig"; path = "Pods/Target Support Files/Pods-SygicMapsKit_Tests/Pods-SygicMapsKit_Tests.release.xcconfig"; sourceTree = "<group>"; };
		5839700D21F0B8D9003CADA6 /* SYMKMapSelectionManagerTests.swift */ = {isa = PBXFileReference; fileEncoding = 4; lastKnownFileType = sourcecode.swift; path = SYMKMapSelectionManagerTests.swift; sourceTree = "<group>"; };
		589CB07821EE06F60082F7C4 /* BrowseExamplesTableViewController.swift */ = {isa = PBXFileReference; lastKnownFileType = sourcecode.swift; path = BrowseExamplesTableViewController.swift; sourceTree = "<group>"; };
		589CB07B21EE16890082F7C4 /* Skins.swift */ = {isa = PBXFileReference; lastKnownFileType = sourcecode.swift; path = Skins.swift; sourceTree = "<group>"; };
		589CB07D21EF96F30082F7C4 /* ZZZTest.swift */ = {isa = PBXFileReference; lastKnownFileType = sourcecode.swift; path = ZZZTest.swift; sourceTree = "<group>"; };
		589CB08121F075BB0082F7C4 /* SYMKSDKInitializationTests.swift */ = {isa = PBXFileReference; lastKnownFileType = sourcecode.swift; path = SYMKSDKInitializationTests.swift; sourceTree = "<group>"; };
		58D3D33721E7A65500E11D1D /* Markers.swift */ = {isa = PBXFileReference; lastKnownFileType = sourcecode.swift; path = Markers.swift; sourceTree = "<group>"; };
		5C3B212421FA05D200F21AD4 /* CustomAnnotation.swift */ = {isa = PBXFileReference; fileEncoding = 4; lastKnownFileType = sourcecode.swift; path = CustomAnnotation.swift; sourceTree = "<group>"; };
		5C3B212521FA05D200F21AD4 /* DataAnnotation.swift */ = {isa = PBXFileReference; fileEncoding = 4; lastKnownFileType = sourcecode.swift; path = DataAnnotation.swift; sourceTree = "<group>"; };
		5C3B212621FA05D300F21AD4 /* TapHandling.swift */ = {isa = PBXFileReference; fileEncoding = 4; lastKnownFileType = sourcecode.swift; path = TapHandling.swift; sourceTree = "<group>"; };
		5C9B8260221AE199002B9DA6 /* ModuleExampleTableViewCell.swift */ = {isa = PBXFileReference; lastKnownFileType = sourcecode.swift; path = ModuleExampleTableViewCell.swift; sourceTree = "<group>"; };
		5C9B8261221AE199002B9DA6 /* ModuleExampleTableViewCell.xib */ = {isa = PBXFileReference; lastKnownFileType = file.xib; path = ModuleExampleTableViewCell.xib; sourceTree = "<group>"; };
		5C9B8264221C1E12002B9DA6 /* SelectionModes.swift */ = {isa = PBXFileReference; lastKnownFileType = sourcecode.swift; path = SelectionModes.swift; sourceTree = "<group>"; };
		5CDC272221E38791006B2F9B /* BrowseModuleExampleViewController.swift */ = {isa = PBXFileReference; lastKnownFileType = sourcecode.swift; path = BrowseModuleExampleViewController.swift; sourceTree = "<group>"; };
		607FACD01AFB9204008FA782 /* SygicMapsKit_Example.app */ = {isa = PBXFileReference; explicitFileType = wrapper.application; includeInIndex = 0; path = SygicMapsKit_Example.app; sourceTree = BUILT_PRODUCTS_DIR; };
		607FACD41AFB9204008FA782 /* Info.plist */ = {isa = PBXFileReference; lastKnownFileType = text.plist.xml; path = Info.plist; sourceTree = "<group>"; };
		607FACD51AFB9204008FA782 /* AppDelegate.swift */ = {isa = PBXFileReference; lastKnownFileType = sourcecode.swift; path = AppDelegate.swift; sourceTree = "<group>"; };
		607FACD71AFB9204008FA782 /* RootTableViewController.swift */ = {isa = PBXFileReference; lastKnownFileType = sourcecode.swift; path = RootTableViewController.swift; sourceTree = "<group>"; };
		607FACDA1AFB9204008FA782 /* Base */ = {isa = PBXFileReference; lastKnownFileType = file.storyboard; name = Base; path = Base.lproj/Main.storyboard; sourceTree = "<group>"; };
		607FACDC1AFB9204008FA782 /* Images.xcassets */ = {isa = PBXFileReference; lastKnownFileType = folder.assetcatalog; path = Images.xcassets; sourceTree = "<group>"; };
		607FACDF1AFB9204008FA782 /* Base */ = {isa = PBXFileReference; lastKnownFileType = file.xib; name = Base; path = Base.lproj/LaunchScreen.xib; sourceTree = "<group>"; };
		607FACE51AFB9204008FA782 /* SygicMapsKit_Tests.xctest */ = {isa = PBXFileReference; explicitFileType = wrapper.cfbundle; includeInIndex = 0; path = SygicMapsKit_Tests.xctest; sourceTree = BUILT_PRODUCTS_DIR; };
		607FACEA1AFB9204008FA782 /* Info.plist */ = {isa = PBXFileReference; lastKnownFileType = text.plist.xml; path = Info.plist; sourceTree = "<group>"; };
		607FACEB1AFB9204008FA782 /* TestsTemplate.swift */ = {isa = PBXFileReference; lastKnownFileType = sourcecode.swift; path = TestsTemplate.swift; sourceTree = "<group>"; };
		7430BD6A2D3B575C22638770 /* Pods_SygicMapsKit_Tests.framework */ = {isa = PBXFileReference; explicitFileType = wrapper.framework; includeInIndex = 0; path = Pods_SygicMapsKit_Tests.framework; sourceTree = BUILT_PRODUCTS_DIR; };
		AA0E4291962D94C7CDB4E07B /* Pods-SygicMapsKit_Example.release.xcconfig */ = {isa = PBXFileReference; includeInIndex = 1; lastKnownFileType = text.xcconfig; name = "Pods-SygicMapsKit_Example.release.xcconfig"; path = "Pods/Target Support Files/Pods-SygicMapsKit_Example/Pods-SygicMapsKit_Example.release.xcconfig"; sourceTree = "<group>"; };
		B1B67491D7814E41620173C5 /* Pods-SygicMapsKit_Tests.debug.xcconfig */ = {isa = PBXFileReference; includeInIndex = 1; lastKnownFileType = text.xcconfig; name = "Pods-SygicMapsKit_Tests.debug.xcconfig"; path = "Pods/Target Support Files/Pods-SygicMapsKit_Tests/Pods-SygicMapsKit_Tests.debug.xcconfig"; sourceTree = "<group>"; };
		B23239AC5C389ADB6478D9BC /* LICENSE */ = {isa = PBXFileReference; includeInIndex = 1; lastKnownFileType = text; name = LICENSE; path = ../LICENSE; sourceTree = "<group>"; };
		D6A919190186F51C7082CD0F /* Pods-SygicMapsKit_Example.debug.xcconfig */ = {isa = PBXFileReference; includeInIndex = 1; lastKnownFileType = text.xcconfig; name = "Pods-SygicMapsKit_Example.debug.xcconfig"; path = "Pods/Target Support Files/Pods-SygicMapsKit_Example/Pods-SygicMapsKit_Example.debug.xcconfig"; sourceTree = "<group>"; };
		D7EF1026EB55740FA1173205 /* README.md */ = {isa = PBXFileReference; includeInIndex = 1; lastKnownFileType = net.daringfireball.markdown; name = README.md; path = ../README.md; sourceTree = "<group>"; };
		FE61E007A142F5B070913F5E /* Pods_SygicMapsKit_Example.framework */ = {isa = PBXFileReference; explicitFileType = wrapper.framework; includeInIndex = 0; path = Pods_SygicMapsKit_Example.framework; sourceTree = BUILT_PRODUCTS_DIR; };
/* End PBXFileReference section */

/* Begin PBXFrameworksBuildPhase section */
		607FACCD1AFB9204008FA782 /* Frameworks */ = {
			isa = PBXFrameworksBuildPhase;
			buildActionMask = 2147483647;
			files = (
				13A4E196EF292EE7610C1814 /* Pods_SygicMapsKit_Example.framework in Frameworks */,
			);
			runOnlyForDeploymentPostprocessing = 0;
		};
		607FACE21AFB9204008FA782 /* Frameworks */ = {
			isa = PBXFrameworksBuildPhase;
			buildActionMask = 2147483647;
			files = (
				1E80D6389CCFFEB76F5A5682 /* Pods_SygicMapsKit_Tests.framework in Frameworks */,
			);
			runOnlyForDeploymentPostprocessing = 0;
		};
/* End PBXFrameworksBuildPhase section */

/* Begin PBXGroup section */
		04FC1A41C4FE6772BAD90C37 /* Pods */ = {
			isa = PBXGroup;
			children = (
				D6A919190186F51C7082CD0F /* Pods-SygicMapsKit_Example.debug.xcconfig */,
				AA0E4291962D94C7CDB4E07B /* Pods-SygicMapsKit_Example.release.xcconfig */,
				B1B67491D7814E41620173C5 /* Pods-SygicMapsKit_Tests.debug.xcconfig */,
				4011C16C1F93D5BA196B8B0B /* Pods-SygicMapsKit_Tests.release.xcconfig */,
			);
			name = Pods;
			sourceTree = "<group>";
		};
		589CB07A21EE08C40082F7C4 /* Browse examples */ = {
			isa = PBXGroup;
			children = (
				5C3B212621FA05D300F21AD4 /* TapHandling.swift */,
				5C3B212421FA05D200F21AD4 /* CustomAnnotation.swift */,
				5C3B212521FA05D200F21AD4 /* DataAnnotation.swift */,
				5CDC272221E38791006B2F9B /* BrowseModuleExampleViewController.swift */,
				58D3D33721E7A65500E11D1D /* Markers.swift */,
				589CB07B21EE16890082F7C4 /* Skins.swift */,
				5C9B8264221C1E12002B9DA6 /* SelectionModes.swift */,
			);
			path = "Browse examples";
			sourceTree = "<group>";
		};
		607FACC71AFB9204008FA782 = {
			isa = PBXGroup;
			children = (
				607FACF51AFB993E008FA782 /* Podspec Metadata */,
				607FACD21AFB9204008FA782 /* Example for SygicMapsKit */,
				607FACE81AFB9204008FA782 /* Tests */,
				607FACD11AFB9204008FA782 /* Products */,
				04FC1A41C4FE6772BAD90C37 /* Pods */,
				D4408105CB015156601F0E9A /* Frameworks */,
			);
			sourceTree = "<group>";
		};
		607FACD11AFB9204008FA782 /* Products */ = {
			isa = PBXGroup;
			children = (
				607FACD01AFB9204008FA782 /* SygicMapsKit_Example.app */,
				607FACE51AFB9204008FA782 /* SygicMapsKit_Tests.xctest */,
			);
			name = Products;
			sourceTree = "<group>";
		};
		607FACD21AFB9204008FA782 /* Example for SygicMapsKit */ = {
			isa = PBXGroup;
			children = (
				589CB07A21EE08C40082F7C4 /* Browse examples */,
				607FACD51AFB9204008FA782 /* AppDelegate.swift */,
				607FACD71AFB9204008FA782 /* RootTableViewController.swift */,
				589CB07821EE06F60082F7C4 /* BrowseExamplesTableViewController.swift */,
				5C9B8260221AE199002B9DA6 /* ModuleExampleTableViewCell.swift */,
				5C9B8261221AE199002B9DA6 /* ModuleExampleTableViewCell.xib */,
				607FACD91AFB9204008FA782 /* Main.storyboard */,
				607FACDC1AFB9204008FA782 /* Images.xcassets */,
				607FACDE1AFB9204008FA782 /* LaunchScreen.xib */,
				607FACD31AFB9204008FA782 /* Supporting Files */,
			);
			name = "Example for SygicMapsKit";
			path = SygicMapsKit;
			sourceTree = "<group>";
		};
		607FACD31AFB9204008FA782 /* Supporting Files */ = {
			isa = PBXGroup;
			children = (
				607FACD41AFB9204008FA782 /* Info.plist */,
			);
			name = "Supporting Files";
			sourceTree = "<group>";
		};
		607FACE81AFB9204008FA782 /* Tests */ = {
			isa = PBXGroup;
			children = (
				607FACEB1AFB9204008FA782 /* TestsTemplate.swift */,
				5839700D21F0B8D9003CADA6 /* SYMKMapSelectionManagerTests.swift */,
				589CB08121F075BB0082F7C4 /* SYMKSDKInitializationTests.swift */,
				589CB07D21EF96F30082F7C4 /* ZZZTest.swift */,
				607FACE91AFB9204008FA782 /* Supporting Files */,
			);
			path = Tests;
			sourceTree = "<group>";
		};
		607FACE91AFB9204008FA782 /* Supporting Files */ = {
			isa = PBXGroup;
			children = (
				607FACEA1AFB9204008FA782 /* Info.plist */,
			);
			name = "Supporting Files";
			sourceTree = "<group>";
		};
		607FACF51AFB993E008FA782 /* Podspec Metadata */ = {
			isa = PBXGroup;
			children = (
				2929742DBDAE486790BF1833 /* SygicMapsKit.podspec */,
				D7EF1026EB55740FA1173205 /* README.md */,
				B23239AC5C389ADB6478D9BC /* LICENSE */,
			);
			name = "Podspec Metadata";
			sourceTree = "<group>";
		};
		D4408105CB015156601F0E9A /* Frameworks */ = {
			isa = PBXGroup;
			children = (
				FE61E007A142F5B070913F5E /* Pods_SygicMapsKit_Example.framework */,
				7430BD6A2D3B575C22638770 /* Pods_SygicMapsKit_Tests.framework */,
			);
			name = Frameworks;
			sourceTree = "<group>";
		};
/* End PBXGroup section */

/* Begin PBXNativeTarget section */
		607FACCF1AFB9204008FA782 /* SygicMapsKit_Example */ = {
			isa = PBXNativeTarget;
			buildConfigurationList = 607FACEF1AFB9204008FA782 /* Build configuration list for PBXNativeTarget "SygicMapsKit_Example" */;
			buildPhases = (
				CAF45AABD8FD1B3416514B12 /* [CP] Check Pods Manifest.lock */,
				607FACCC1AFB9204008FA782 /* Sources */,
				607FACCD1AFB9204008FA782 /* Frameworks */,
				607FACCE1AFB9204008FA782 /* Resources */,
				A24B63F81DACB258A8DDA161 /* [CP] Embed Pods Frameworks */,
			);
			buildRules = (
			);
			dependencies = (
			);
			name = SygicMapsKit_Example;
			productName = SygicMapsKit;
			productReference = 607FACD01AFB9204008FA782 /* SygicMapsKit_Example.app */;
			productType = "com.apple.product-type.application";
		};
		607FACE41AFB9204008FA782 /* SygicMapsKit_Tests */ = {
			isa = PBXNativeTarget;
			buildConfigurationList = 607FACF21AFB9204008FA782 /* Build configuration list for PBXNativeTarget "SygicMapsKit_Tests" */;
			buildPhases = (
				98F34DEC63F57F079BA5F57C /* [CP] Check Pods Manifest.lock */,
				607FACE11AFB9204008FA782 /* Sources */,
				607FACE21AFB9204008FA782 /* Frameworks */,
				607FACE31AFB9204008FA782 /* Resources */,
				BBA552944548668485F71025 /* [CP] Embed Pods Frameworks */,
			);
			buildRules = (
			);
			dependencies = (
				607FACE71AFB9204008FA782 /* PBXTargetDependency */,
			);
			name = SygicMapsKit_Tests;
			productName = Tests;
			productReference = 607FACE51AFB9204008FA782 /* SygicMapsKit_Tests.xctest */;
			productType = "com.apple.product-type.bundle.unit-test";
		};
/* End PBXNativeTarget section */

/* Begin PBXProject section */
		607FACC81AFB9204008FA782 /* Project object */ = {
			isa = PBXProject;
			attributes = {
				LastSwiftUpdateCheck = 0830;
				LastUpgradeCheck = 0830;
				ORGANIZATIONNAME = CocoaPods;
				TargetAttributes = {
					607FACCF1AFB9204008FA782 = {
						CreatedOnToolsVersion = 6.3.1;
						DevelopmentTeam = LHXY425M9Z;
						LastSwiftMigration = 0900;
					};
					607FACE41AFB9204008FA782 = {
						CreatedOnToolsVersion = 6.3.1;
						DevelopmentTeam = LHXY425M9Z;
						LastSwiftMigration = 0900;
						TestTargetID = 607FACCF1AFB9204008FA782;
					};
				};
			};
			buildConfigurationList = 607FACCB1AFB9204008FA782 /* Build configuration list for PBXProject "SygicMapsKit" */;
			compatibilityVersion = "Xcode 3.2";
			developmentRegion = English;
			hasScannedForEncodings = 0;
			knownRegions = (
				en,
				Base,
			);
			mainGroup = 607FACC71AFB9204008FA782;
			productRefGroup = 607FACD11AFB9204008FA782 /* Products */;
			projectDirPath = "";
			projectRoot = "";
			targets = (
				607FACCF1AFB9204008FA782 /* SygicMapsKit_Example */,
				607FACE41AFB9204008FA782 /* SygicMapsKit_Tests */,
			);
		};
/* End PBXProject section */

/* Begin PBXResourcesBuildPhase section */
		607FACCE1AFB9204008FA782 /* Resources */ = {
			isa = PBXResourcesBuildPhase;
			buildActionMask = 2147483647;
			files = (
				5C9B8263221AE199002B9DA6 /* ModuleExampleTableViewCell.xib in Resources */,
				607FACDB1AFB9204008FA782 /* Main.storyboard in Resources */,
				607FACE01AFB9204008FA782 /* LaunchScreen.xib in Resources */,
				607FACDD1AFB9204008FA782 /* Images.xcassets in Resources */,
			);
			runOnlyForDeploymentPostprocessing = 0;
		};
		607FACE31AFB9204008FA782 /* Resources */ = {
			isa = PBXResourcesBuildPhase;
			buildActionMask = 2147483647;
			files = (
			);
			runOnlyForDeploymentPostprocessing = 0;
		};
/* End PBXResourcesBuildPhase section */

/* Begin PBXShellScriptBuildPhase section */
		98F34DEC63F57F079BA5F57C /* [CP] Check Pods Manifest.lock */ = {
			isa = PBXShellScriptBuildPhase;
			buildActionMask = 2147483647;
			files = (
			);
			inputPaths = (
				"${PODS_PODFILE_DIR_PATH}/Podfile.lock",
				"${PODS_ROOT}/Manifest.lock",
			);
			name = "[CP] Check Pods Manifest.lock";
			outputPaths = (
				"$(DERIVED_FILE_DIR)/Pods-SygicMapsKit_Tests-checkManifestLockResult.txt",
			);
			runOnlyForDeploymentPostprocessing = 0;
			shellPath = /bin/sh;
			shellScript = "diff \"${PODS_PODFILE_DIR_PATH}/Podfile.lock\" \"${PODS_ROOT}/Manifest.lock\" > /dev/null\nif [ $? != 0 ] ; then\n    # print error to STDERR\n    echo \"error: The sandbox is not in sync with the Podfile.lock. Run 'pod install' or update your CocoaPods installation.\" >&2\n    exit 1\nfi\n# This output is used by Xcode 'outputs' to avoid re-running this script phase.\necho \"SUCCESS\" > \"${SCRIPT_OUTPUT_FILE_0}\"\n";
			showEnvVarsInLog = 0;
		};
		A24B63F81DACB258A8DDA161 /* [CP] Embed Pods Frameworks */ = {
			isa = PBXShellScriptBuildPhase;
			buildActionMask = 2147483647;
			files = (
			);
			inputPaths = (
				"${SRCROOT}/Pods/Target Support Files/Pods-SygicMapsKit_Example/Pods-SygicMapsKit_Example-frameworks.sh",
				"${BUILT_PRODUCTS_DIR}/GradientView/GradientView.framework",
				"${PODS_ROOT}/SygicMaps/SygicMaps.framework",
				"${BUILT_PRODUCTS_DIR}/SygicMapsKit/SygicMapsKit.framework",
				"${BUILT_PRODUCTS_DIR}/SygicUIKit/SygicUIKit.framework",
			);
			name = "[CP] Embed Pods Frameworks";
			outputPaths = (
				"${TARGET_BUILD_DIR}/${FRAMEWORKS_FOLDER_PATH}/GradientView.framework",
				"${TARGET_BUILD_DIR}/${FRAMEWORKS_FOLDER_PATH}/SygicMaps.framework",
				"${TARGET_BUILD_DIR}/${FRAMEWORKS_FOLDER_PATH}/SygicMapsKit.framework",
				"${TARGET_BUILD_DIR}/${FRAMEWORKS_FOLDER_PATH}/SygicUIKit.framework",
			);
			runOnlyForDeploymentPostprocessing = 0;
			shellPath = /bin/sh;
			shellScript = "\"${SRCROOT}/Pods/Target Support Files/Pods-SygicMapsKit_Example/Pods-SygicMapsKit_Example-frameworks.sh\"\n";
			showEnvVarsInLog = 0;
		};
		BBA552944548668485F71025 /* [CP] Embed Pods Frameworks */ = {
			isa = PBXShellScriptBuildPhase;
			buildActionMask = 2147483647;
			files = (
			);
			inputPaths = (
				"${SRCROOT}/Pods/Target Support Files/Pods-SygicMapsKit_Tests/Pods-SygicMapsKit_Tests-frameworks.sh",
				"${BUILT_PRODUCTS_DIR}/Nimble/Nimble.framework",
				"${BUILT_PRODUCTS_DIR}/Quick/Quick.framework",
			);
			name = "[CP] Embed Pods Frameworks";
			outputPaths = (
				"${TARGET_BUILD_DIR}/${FRAMEWORKS_FOLDER_PATH}/Nimble.framework",
				"${TARGET_BUILD_DIR}/${FRAMEWORKS_FOLDER_PATH}/Quick.framework",
			);
			runOnlyForDeploymentPostprocessing = 0;
			shellPath = /bin/sh;
			shellScript = "\"${SRCROOT}/Pods/Target Support Files/Pods-SygicMapsKit_Tests/Pods-SygicMapsKit_Tests-frameworks.sh\"\n";
			showEnvVarsInLog = 0;
		};
		CAF45AABD8FD1B3416514B12 /* [CP] Check Pods Manifest.lock */ = {
			isa = PBXShellScriptBuildPhase;
			buildActionMask = 2147483647;
			files = (
			);
			inputPaths = (
				"${PODS_PODFILE_DIR_PATH}/Podfile.lock",
				"${PODS_ROOT}/Manifest.lock",
			);
			name = "[CP] Check Pods Manifest.lock";
			outputPaths = (
				"$(DERIVED_FILE_DIR)/Pods-SygicMapsKit_Example-checkManifestLockResult.txt",
			);
			runOnlyForDeploymentPostprocessing = 0;
			shellPath = /bin/sh;
			shellScript = "diff \"${PODS_PODFILE_DIR_PATH}/Podfile.lock\" \"${PODS_ROOT}/Manifest.lock\" > /dev/null\nif [ $? != 0 ] ; then\n    # print error to STDERR\n    echo \"error: The sandbox is not in sync with the Podfile.lock. Run 'pod install' or update your CocoaPods installation.\" >&2\n    exit 1\nfi\n# This output is used by Xcode 'outputs' to avoid re-running this script phase.\necho \"SUCCESS\" > \"${SCRIPT_OUTPUT_FILE_0}\"\n";
			showEnvVarsInLog = 0;
		};
/* End PBXShellScriptBuildPhase section */

/* Begin PBXSourcesBuildPhase section */
		607FACCC1AFB9204008FA782 /* Sources */ = {
			isa = PBXSourcesBuildPhase;
			buildActionMask = 2147483647;
			files = (
				5C3B212B21FA05D300F21AD4 /* TapHandling.swift in Sources */,
				607FACD81AFB9204008FA782 /* RootTableViewController.swift in Sources */,
				5C3B212721FA05D300F21AD4 /* CustomAnnotation.swift in Sources */,
				589CB07C21EE16890082F7C4 /* Skins.swift in Sources */,
				607FACD61AFB9204008FA782 /* AppDelegate.swift in Sources */,
				5C9B8265221C1E12002B9DA6 /* SelectionModes.swift in Sources */,
				5C3B212921FA05D300F21AD4 /* DataAnnotation.swift in Sources */,
				5CDC272321E38791006B2F9B /* BrowseModuleExampleViewController.swift in Sources */,
				589CB07921EE06F60082F7C4 /* BrowseExamplesTableViewController.swift in Sources */,
				5C9B8262221AE199002B9DA6 /* ModuleExampleTableViewCell.swift in Sources */,
				58D3D33821E7A65500E11D1D /* Markers.swift in Sources */,
			);
			runOnlyForDeploymentPostprocessing = 0;
		};
		607FACE11AFB9204008FA782 /* Sources */ = {
			isa = PBXSourcesBuildPhase;
			buildActionMask = 2147483647;
			files = (
				589CB08421F076170082F7C4 /* SYMKSDKInitializationTests.swift in Sources */,
				5839700E21F0B8D9003CADA6 /* SYMKMapSelectionManagerTests.swift in Sources */,
				589CB08021EF97630082F7C4 /* ZZZTest.swift in Sources */,
			);
			runOnlyForDeploymentPostprocessing = 0;
		};
/* End PBXSourcesBuildPhase section */

/* Begin PBXTargetDependency section */
		607FACE71AFB9204008FA782 /* PBXTargetDependency */ = {
			isa = PBXTargetDependency;
			target = 607FACCF1AFB9204008FA782 /* SygicMapsKit_Example */;
			targetProxy = 607FACE61AFB9204008FA782 /* PBXContainerItemProxy */;
		};
/* End PBXTargetDependency section */

/* Begin PBXVariantGroup section */
		607FACD91AFB9204008FA782 /* Main.storyboard */ = {
			isa = PBXVariantGroup;
			children = (
				607FACDA1AFB9204008FA782 /* Base */,
			);
			name = Main.storyboard;
			sourceTree = "<group>";
		};
		607FACDE1AFB9204008FA782 /* LaunchScreen.xib */ = {
			isa = PBXVariantGroup;
			children = (
				607FACDF1AFB9204008FA782 /* Base */,
			);
			name = LaunchScreen.xib;
			sourceTree = "<group>";
		};
/* End PBXVariantGroup section */

/* Begin XCBuildConfiguration section */
		607FACED1AFB9204008FA782 /* Debug */ = {
			isa = XCBuildConfiguration;
			buildSettings = {
				ALWAYS_SEARCH_USER_PATHS = NO;
				CLANG_CXX_LANGUAGE_STANDARD = "gnu++0x";
				CLANG_CXX_LIBRARY = "libc++";
				CLANG_ENABLE_MODULES = YES;
				CLANG_ENABLE_OBJC_ARC = YES;
				CLANG_WARN_BLOCK_CAPTURE_AUTORELEASING = YES;
				CLANG_WARN_BOOL_CONVERSION = YES;
				CLANG_WARN_COMMA = YES;
				CLANG_WARN_CONSTANT_CONVERSION = YES;
				CLANG_WARN_DIRECT_OBJC_ISA_USAGE = YES_ERROR;
				CLANG_WARN_EMPTY_BODY = YES;
				CLANG_WARN_ENUM_CONVERSION = YES;
				CLANG_WARN_INFINITE_RECURSION = YES;
				CLANG_WARN_INT_CONVERSION = YES;
				CLANG_WARN_NON_LITERAL_NULL_CONVERSION = YES;
				CLANG_WARN_OBJC_LITERAL_CONVERSION = YES;
				CLANG_WARN_OBJC_ROOT_CLASS = YES_ERROR;
				CLANG_WARN_RANGE_LOOP_ANALYSIS = YES;
				CLANG_WARN_STRICT_PROTOTYPES = YES;
				CLANG_WARN_SUSPICIOUS_MOVE = YES;
				CLANG_WARN_UNREACHABLE_CODE = YES;
				CLANG_WARN__DUPLICATE_METHOD_MATCH = YES;
				"CODE_SIGN_IDENTITY[sdk=iphoneos*]" = "iPhone Developer";
				COPY_PHASE_STRIP = NO;
				DEBUG_INFORMATION_FORMAT = "dwarf-with-dsym";
				ENABLE_STRICT_OBJC_MSGSEND = YES;
				ENABLE_TESTABILITY = YES;
				GCC_C_LANGUAGE_STANDARD = gnu99;
				GCC_DYNAMIC_NO_PIC = NO;
				GCC_NO_COMMON_BLOCKS = YES;
				GCC_OPTIMIZATION_LEVEL = 0;
				GCC_PREPROCESSOR_DEFINITIONS = (
					"DEBUG=1",
					"$(inherited)",
				);
				GCC_SYMBOLS_PRIVATE_EXTERN = NO;
				GCC_WARN_64_TO_32_BIT_CONVERSION = YES;
				GCC_WARN_ABOUT_RETURN_TYPE = YES_ERROR;
				GCC_WARN_UNDECLARED_SELECTOR = YES;
				GCC_WARN_UNINITIALIZED_AUTOS = YES_AGGRESSIVE;
				GCC_WARN_UNUSED_FUNCTION = YES;
				GCC_WARN_UNUSED_VARIABLE = YES;
				IPHONEOS_DEPLOYMENT_TARGET = 10.0;
				MTL_ENABLE_DEBUG_INFO = YES;
				ONLY_ACTIVE_ARCH = YES;
				SDKROOT = iphoneos;
				SWIFT_OPTIMIZATION_LEVEL = "-Onone";
			};
			name = Debug;
		};
		607FACEE1AFB9204008FA782 /* Release */ = {
			isa = XCBuildConfiguration;
			buildSettings = {
				ALWAYS_SEARCH_USER_PATHS = NO;
				CLANG_CXX_LANGUAGE_STANDARD = "gnu++0x";
				CLANG_CXX_LIBRARY = "libc++";
				CLANG_ENABLE_MODULES = YES;
				CLANG_ENABLE_OBJC_ARC = YES;
				CLANG_WARN_BLOCK_CAPTURE_AUTORELEASING = YES;
				CLANG_WARN_BOOL_CONVERSION = YES;
				CLANG_WARN_COMMA = YES;
				CLANG_WARN_CONSTANT_CONVERSION = YES;
				CLANG_WARN_DIRECT_OBJC_ISA_USAGE = YES_ERROR;
				CLANG_WARN_EMPTY_BODY = YES;
				CLANG_WARN_ENUM_CONVERSION = YES;
				CLANG_WARN_INFINITE_RECURSION = YES;
				CLANG_WARN_INT_CONVERSION = YES;
				CLANG_WARN_NON_LITERAL_NULL_CONVERSION = YES;
				CLANG_WARN_OBJC_LITERAL_CONVERSION = YES;
				CLANG_WARN_OBJC_ROOT_CLASS = YES_ERROR;
				CLANG_WARN_RANGE_LOOP_ANALYSIS = YES;
				CLANG_WARN_STRICT_PROTOTYPES = YES;
				CLANG_WARN_SUSPICIOUS_MOVE = YES;
				CLANG_WARN_UNREACHABLE_CODE = YES;
				CLANG_WARN__DUPLICATE_METHOD_MATCH = YES;
				"CODE_SIGN_IDENTITY[sdk=iphoneos*]" = "iPhone Developer";
				COPY_PHASE_STRIP = NO;
				DEBUG_INFORMATION_FORMAT = "dwarf-with-dsym";
				ENABLE_NS_ASSERTIONS = NO;
				ENABLE_STRICT_OBJC_MSGSEND = YES;
				GCC_C_LANGUAGE_STANDARD = gnu99;
				GCC_NO_COMMON_BLOCKS = YES;
				GCC_WARN_64_TO_32_BIT_CONVERSION = YES;
				GCC_WARN_ABOUT_RETURN_TYPE = YES_ERROR;
				GCC_WARN_UNDECLARED_SELECTOR = YES;
				GCC_WARN_UNINITIALIZED_AUTOS = YES_AGGRESSIVE;
				GCC_WARN_UNUSED_FUNCTION = YES;
				GCC_WARN_UNUSED_VARIABLE = YES;
				IPHONEOS_DEPLOYMENT_TARGET = 10.0;
				MTL_ENABLE_DEBUG_INFO = NO;
				SDKROOT = iphoneos;
				SWIFT_OPTIMIZATION_LEVEL = "-Owholemodule";
				VALIDATE_PRODUCT = YES;
			};
			name = Release;
		};
		607FACF01AFB9204008FA782 /* Debug */ = {
			isa = XCBuildConfiguration;
			baseConfigurationReference = D6A919190186F51C7082CD0F /* Pods-SygicMapsKit_Example.debug.xcconfig */;
			buildSettings = {
				ASSETCATALOG_COMPILER_APPICON_NAME = AppIcon;
				DEVELOPMENT_TEAM = LHXY425M9Z;
				ENABLE_BITCODE = NO;
				INFOPLIST_FILE = SygicMapsKit/Info.plist;
				IPHONEOS_DEPLOYMENT_TARGET = 10.0;
				LD_RUNPATH_SEARCH_PATHS = "$(inherited) @executable_path/Frameworks";
				MODULE_NAME = ExampleApp;
				PRODUCT_BUNDLE_IDENTIFIER = "org.cocoapods.demo.$(PRODUCT_NAME:rfc1034identifier)";
				PRODUCT_NAME = "$(TARGET_NAME)";
				SWIFT_SWIFT3_OBJC_INFERENCE = Default;
				SWIFT_VERSION = 4.0;
			};
			name = Debug;
		};
		607FACF11AFB9204008FA782 /* Release */ = {
			isa = XCBuildConfiguration;
			baseConfigurationReference = AA0E4291962D94C7CDB4E07B /* Pods-SygicMapsKit_Example.release.xcconfig */;
			buildSettings = {
				ASSETCATALOG_COMPILER_APPICON_NAME = AppIcon;
				DEVELOPMENT_TEAM = LHXY425M9Z;
				ENABLE_BITCODE = NO;
				INFOPLIST_FILE = SygicMapsKit/Info.plist;
				IPHONEOS_DEPLOYMENT_TARGET = 10.0;
				LD_RUNPATH_SEARCH_PATHS = "$(inherited) @executable_path/Frameworks";
				MODULE_NAME = ExampleApp;
				PRODUCT_BUNDLE_IDENTIFIER = "org.cocoapods.demo.$(PRODUCT_NAME:rfc1034identifier)";
				PRODUCT_NAME = "$(TARGET_NAME)";
				SWIFT_SWIFT3_OBJC_INFERENCE = Default;
				SWIFT_VERSION = 4.0;
			};
			name = Release;
		};
		607FACF31AFB9204008FA782 /* Debug */ = {
			isa = XCBuildConfiguration;
			baseConfigurationReference = B1B67491D7814E41620173C5 /* Pods-SygicMapsKit_Tests.debug.xcconfig */;
			buildSettings = {
				DEVELOPMENT_TEAM = LHXY425M9Z;
				FRAMEWORK_SEARCH_PATHS = (
					"$(SDKROOT)/Developer/Library/Frameworks",
					"$(inherited)",
				);
				GCC_PREPROCESSOR_DEFINITIONS = (
					"DEBUG=1",
					"$(inherited)",
				);
				INFOPLIST_FILE = Tests/Info.plist;
				IPHONEOS_DEPLOYMENT_TARGET = 10.0;
				LD_RUNPATH_SEARCH_PATHS = "$(inherited) @executable_path/Frameworks @loader_path/Frameworks";
				PRODUCT_BUNDLE_IDENTIFIER = "org.cocoapods.$(PRODUCT_NAME:rfc1034identifier)";
				PRODUCT_NAME = "$(TARGET_NAME)";
				SWIFT_SWIFT3_OBJC_INFERENCE = Default;
				SWIFT_VERSION = 4.0;
				TEST_HOST = "$(BUILT_PRODUCTS_DIR)/SygicMapsKit_Example.app/SygicMapsKit_Example";
			};
			name = Debug;
		};
		607FACF41AFB9204008FA782 /* Release */ = {
			isa = XCBuildConfiguration;
			baseConfigurationReference = 4011C16C1F93D5BA196B8B0B /* Pods-SygicMapsKit_Tests.release.xcconfig */;
			buildSettings = {
				DEVELOPMENT_TEAM = LHXY425M9Z;
				FRAMEWORK_SEARCH_PATHS = (
					"$(SDKROOT)/Developer/Library/Frameworks",
					"$(inherited)",
				);
				INFOPLIST_FILE = Tests/Info.plist;
				IPHONEOS_DEPLOYMENT_TARGET = 10.0;
				LD_RUNPATH_SEARCH_PATHS = "$(inherited) @executable_path/Frameworks @loader_path/Frameworks";
				PRODUCT_BUNDLE_IDENTIFIER = "org.cocoapods.$(PRODUCT_NAME:rfc1034identifier)";
				PRODUCT_NAME = "$(TARGET_NAME)";
				SWIFT_SWIFT3_OBJC_INFERENCE = Default;
				SWIFT_VERSION = 4.0;
				TEST_HOST = "$(BUILT_PRODUCTS_DIR)/SygicMapsKit_Example.app/SygicMapsKit_Example";
			};
			name = Release;
		};
/* End XCBuildConfiguration section */

/* Begin XCConfigurationList section */
		607FACCB1AFB9204008FA782 /* Build configuration list for PBXProject "SygicMapsKit" */ = {
			isa = XCConfigurationList;
			buildConfigurations = (
				607FACED1AFB9204008FA782 /* Debug */,
				607FACEE1AFB9204008FA782 /* Release */,
			);
			defaultConfigurationIsVisible = 0;
			defaultConfigurationName = Release;
		};
		607FACEF1AFB9204008FA782 /* Build configuration list for PBXNativeTarget "SygicMapsKit_Example" */ = {
			isa = XCConfigurationList;
			buildConfigurations = (
				607FACF01AFB9204008FA782 /* Debug */,
				607FACF11AFB9204008FA782 /* Release */,
			);
			defaultConfigurationIsVisible = 0;
			defaultConfigurationName = Release;
		};
		607FACF21AFB9204008FA782 /* Build configuration list for PBXNativeTarget "SygicMapsKit_Tests" */ = {
			isa = XCConfigurationList;
			buildConfigurations = (
				607FACF31AFB9204008FA782 /* Debug */,
				607FACF41AFB9204008FA782 /* Release */,
			);
			defaultConfigurationIsVisible = 0;
			defaultConfigurationName = Release;
		};
/* End XCConfigurationList section */
	};
	rootObject = 607FACC81AFB9204008FA782 /* Project object */;
}
